// !$*UTF8*$!
{
	archiveVersion = 1;
	classes = {
	};
	objectVersion = 50;
	objects = {

/* Begin PBXBuildFile section */
		122D92D425FA6EAF004F2266 /* NamesTableViewController.swift in Sources */ = {isa = PBXBuildFile; fileRef = 122D92D325FA6EAF004F2266 /* NamesTableViewController.swift */; };
		122D92D725FA74D7004F2266 /* PeriodTableViewController.swift in Sources */ = {isa = PBXBuildFile; fileRef = 122D92D625FA74D7004F2266 /* PeriodTableViewController.swift */; };
		127B166325F7DFA200B97BD6 /* AppDelegate.swift in Sources */ = {isa = PBXBuildFile; fileRef = 127B166225F7DFA200B97BD6 /* AppDelegate.swift */; };
		127B166525F7DFA200B97BD6 /* SceneDelegate.swift in Sources */ = {isa = PBXBuildFile; fileRef = 127B166425F7DFA200B97BD6 /* SceneDelegate.swift */; };
		127B166A25F7DFA200B97BD6 /* Main.storyboard in Resources */ = {isa = PBXBuildFile; fileRef = 127B166825F7DFA200B97BD6 /* Main.storyboard */; };
		127B166C25F7DFA500B97BD6 /* Assets.xcassets in Resources */ = {isa = PBXBuildFile; fileRef = 127B166B25F7DFA500B97BD6 /* Assets.xcassets */; };
		127B166F25F7DFA500B97BD6 /* LaunchScreen.storyboard in Resources */ = {isa = PBXBuildFile; fileRef = 127B166D25F7DFA500B97BD6 /* LaunchScreen.storyboard */; };
/* End PBXBuildFile section */

/* Begin PBXFileReference section */
		122D92D325FA6EAF004F2266 /* NamesTableViewController.swift */ = {isa = PBXFileReference; lastKnownFileType = sourcecode.swift; path = NamesTableViewController.swift; sourceTree = "<group>"; };
		122D92D625FA74D7004F2266 /* PeriodTableViewController.swift */ = {isa = PBXFileReference; lastKnownFileType = sourcecode.swift; path = PeriodTableViewController.swift; sourceTree = "<group>"; };
		127B165F25F7DFA200B97BD6 /* PickADriver2.app */ = {isa = PBXFileReference; explicitFileType = wrapper.application; includeInIndex = 0; path = PickADriver2.app; sourceTree = BUILT_PRODUCTS_DIR; };
		127B166225F7DFA200B97BD6 /* AppDelegate.swift */ = {isa = PBXFileReference; lastKnownFileType = sourcecode.swift; path = AppDelegate.swift; sourceTree = "<group>"; };
		127B166425F7DFA200B97BD6 /* SceneDelegate.swift */ = {isa = PBXFileReference; lastKnownFileType = sourcecode.swift; path = SceneDelegate.swift; sourceTree = "<group>"; };
		127B166925F7DFA200B97BD6 /* Base */ = {isa = PBXFileReference; lastKnownFileType = file.storyboard; name = Base; path = Base.lproj/Main.storyboard; sourceTree = "<group>"; };
		127B166B25F7DFA500B97BD6 /* Assets.xcassets */ = {isa = PBXFileReference; lastKnownFileType = folder.assetcatalog; path = Assets.xcassets; sourceTree = "<group>"; };
		127B166E25F7DFA500B97BD6 /* Base */ = {isa = PBXFileReference; lastKnownFileType = file.storyboard; name = Base; path = Base.lproj/LaunchScreen.storyboard; sourceTree = "<group>"; };
		127B167025F7DFA500B97BD6 /* Info.plist */ = {isa = PBXFileReference; lastKnownFileType = text.plist.xml; path = Info.plist; sourceTree = "<group>"; };
/* End PBXFileReference section */

/* Begin PBXFrameworksBuildPhase section */
		127B165C25F7DFA200B97BD6 /* Frameworks */ = {
			isa = PBXFrameworksBuildPhase;
			buildActionMask = 2147483647;
			files = (
			);
			runOnlyForDeploymentPostprocessing = 0;
		};
/* End PBXFrameworksBuildPhase section */

/* Begin PBXGroup section */
		127B165625F7DFA200B97BD6 = {
			isa = PBXGroup;
			children = (
				127B166125F7DFA200B97BD6 /* PickADriver2 */,
				127B166025F7DFA200B97BD6 /* Products */,
			);
			sourceTree = "<group>";
		};
		127B166025F7DFA200B97BD6 /* Products */ = {
			isa = PBXGroup;
			children = (
				127B165F25F7DFA200B97BD6 /* PickADriver2.app */,
			);
			name = Products;
			sourceTree = "<group>";
		};
		127B166125F7DFA200B97BD6 /* PickADriver2 */ = {
			isa = PBXGroup;
			children = (
				127B166225F7DFA200B97BD6 /* AppDelegate.swift */,
				127B166425F7DFA200B97BD6 /* SceneDelegate.swift */,
				127B166825F7DFA200B97BD6 /* Main.storyboard */,
				122D92D325FA6EAF004F2266 /* NamesTableViewController.swift */,
				122D92D625FA74D7004F2266 /* PeriodTableViewController.swift */,
				127B166B25F7DFA500B97BD6 /* Assets.xcassets */,
				127B166D25F7DFA500B97BD6 /* LaunchScreen.storyboard */,
				127B167025F7DFA500B97BD6 /* Info.plist */,
			);
			path = PickADriver2;
			sourceTree = "<group>";
		};
/* End PBXGroup section */

/* Begin PBXNativeTarget section */
		127B165E25F7DFA200B97BD6 /* PickADriver2 */ = {
			isa = PBXNativeTarget;
			buildConfigurationList = 127B167325F7DFA500B97BD6 /* Build configuration list for PBXNativeTarget "PickADriver2" */;
			buildPhases = (
				127B165B25F7DFA200B97BD6 /* Sources */,
				127B165C25F7DFA200B97BD6 /* Frameworks */,
				127B165D25F7DFA200B97BD6 /* Resources */,
			);
			buildRules = (
			);
			dependencies = (
			);
			name = PickADriver2;
			productName = PickADriver2;
			productReference = 127B165F25F7DFA200B97BD6 /* PickADriver2.app */;
			productType = "com.apple.product-type.application";
		};
/* End PBXNativeTarget section */

/* Begin PBXProject section */
		127B165725F7DFA200B97BD6 /* Project object */ = {
			isa = PBXProject;
			attributes = {
				LastSwiftUpdateCheck = 1230;
				LastUpgradeCheck = 1230;
				TargetAttributes = {
					127B165E25F7DFA200B97BD6 = {
						CreatedOnToolsVersion = 12.3;
					};
				};
			};
			buildConfigurationList = 127B165A25F7DFA200B97BD6 /* Build configuration list for PBXProject "PickADriver2" */;
			compatibilityVersion = "Xcode 9.3";
			developmentRegion = en;
			hasScannedForEncodings = 0;
			knownRegions = (
				en,
				Base,
			);
			mainGroup = 127B165625F7DFA200B97BD6;
			productRefGroup = 127B166025F7DFA200B97BD6 /* Products */;
			projectDirPath = "";
			projectRoot = "";
			targets = (
				127B165E25F7DFA200B97BD6 /* PickADriver2 */,
			);
		};
/* End PBXProject section */

/* Begin PBXResourcesBuildPhase section */
		127B165D25F7DFA200B97BD6 /* Resources */ = {
			isa = PBXResourcesBuildPhase;
			buildActionMask = 2147483647;
			files = (
				127B166F25F7DFA500B97BD6 /* LaunchScreen.storyboard in Resources */,
				127B166C25F7DFA500B97BD6 /* Assets.xcassets in Resources */,
				127B166A25F7DFA200B97BD6 /* Main.storyboard in Resources */,
			);
			runOnlyForDeploymentPostprocessing = 0;
		};
/* End PBXResourcesBuildPhase section */

/* Begin PBXSourcesBuildPhase section */
		127B165B25F7DFA200B97BD6 /* Sources */ = {
			isa = PBXSourcesBuildPhase;
			buildActionMask = 2147483647;
			files = (
				122D92D725FA74D7004F2266 /* PeriodTableViewController.swift in Sources */,
				127B166325F7DFA200B97BD6 /* AppDelegate.swift in Sources */,
				122D92D425FA6EAF004F2266 /* NamesTableViewController.swift in Sources */,
				127B166525F7DFA200B97BD6 /* SceneDelegate.swift in Sources */,
			);
			runOnlyForDeploymentPostprocessing = 0;
		};
/* End PBXSourcesBuildPhase section */

/* Begin PBXVariantGroup section */
		127B166825F7DFA200B97BD6 /* Main.storyboard */ = {
			isa = PBXVariantGroup;
			children = (
				127B166925F7DFA200B97BD6 /* Base */,
			);
			name = Main.storyboard;
			sourceTree = "<group>";
		};
		127B166D25F7DFA500B97BD6 /* LaunchScreen.storyboard */ = {
			isa = PBXVariantGroup;
			children = (
				127B166E25F7DFA500B97BD6 /* Base */,
			);
			name = LaunchScreen.storyboard;
			sourceTree = "<group>";
		};
/* End PBXVariantGroup section */

/* Begin XCBuildConfiguration section */
		127B167125F7DFA500B97BD6 /* Debug */ = {
			isa = XCBuildConfiguration;
			buildSettings = {
				ALWAYS_SEARCH_USER_PATHS = NO;
				CLANG_ANALYZER_NONNULL = YES;
				CLANG_ANALYZER_NUMBER_OBJECT_CONVERSION = YES_AGGRESSIVE;
				CLANG_CXX_LANGUAGE_STANDARD = "gnu++14";
				CLANG_CXX_LIBRARY = "libc++";
				CLANG_ENABLE_MODULES = YES;
				CLANG_ENABLE_OBJC_ARC = YES;
				CLANG_ENABLE_OBJC_WEAK = YES;
				CLANG_WARN_BLOCK_CAPTURE_AUTORELEASING = YES;
				CLANG_WARN_BOOL_CONVERSION = YES;
				CLANG_WARN_COMMA = YES;
				CLANG_WARN_CONSTANT_CONVERSION = YES;
				CLANG_WARN_DEPRECATED_OBJC_IMPLEMENTATIONS = YES;
				CLANG_WARN_DIRECT_OBJC_ISA_USAGE = YES_ERROR;
				CLANG_WARN_DOCUMENTATION_COMMENTS = YES;
				CLANG_WARN_EMPTY_BODY = YES;
				CLANG_WARN_ENUM_CONVERSION = YES;
				CLANG_WARN_INFINITE_RECURSION = YES;
				CLANG_WARN_INT_CONVERSION = YES;
				CLANG_WARN_NON_LITERAL_NULL_CONVERSION = YES;
				CLANG_WARN_OBJC_IMPLICIT_RETAIN_SELF = YES;
				CLANG_WARN_OBJC_LITERAL_CONVERSION = YES;
				CLANG_WARN_OBJC_ROOT_CLASS = YES_ERROR;
				CLANG_WARN_QUOTED_INCLUDE_IN_FRAMEWORK_HEADER = YES;
				CLANG_WARN_RANGE_LOOP_ANALYSIS = YES;
				CLANG_WARN_STRICT_PROTOTYPES = YES;
				CLANG_WARN_SUSPICIOUS_MOVE = YES;
				CLANG_WARN_UNGUARDED_AVAILABILITY = YES_AGGRESSIVE;
				CLANG_WARN_UNREACHABLE_CODE = YES;
				CLANG_WARN__DUPLICATE_METHOD_MATCH = YES;
				COPY_PHASE_STRIP = NO;
				DEBUG_INFORMATION_FORMAT = dwarf;
				ENABLE_STRICT_OBJC_MSGSEND = YES;
				ENABLE_TESTABILITY = YES;
				GCC_C_LANGUAGE_STANDARD = gnu11;
				GCC_DYNAMIC_NO_PIC = NO;
				GCC_NO_COMMON_BLOCKS = YES;
				GCC_OPTIMIZATION_LEVEL = 0;
				GCC_PREPROCESSOR_DEFINITIONS = (
					"DEBUG=1",
					"$(inherited)",
				);
				GCC_WARN_64_TO_32_BIT_CONVERSION = YES;
				GCC_WARN_ABOUT_RETURN_TYPE = YES_ERROR;
				GCC_WARN_UNDECLARED_SELECTOR = YES;
				GCC_WARN_UNINITIALIZED_AUTOS = YES_AGGRESSIVE;
				GCC_WARN_UNUSED_FUNCTION = YES;
				GCC_WARN_UNUSED_VARIABLE = YES;
				IPHONEOS_DEPLOYMENT_TARGET = 14.3;
				MTL_ENABLE_DEBUG_INFO = INCLUDE_SOURCE;
				MTL_FAST_MATH = YES;
				ONLY_ACTIVE_ARCH = YES;
				SDKROOT = iphoneos;
				SWIFT_ACTIVE_COMPILATION_CONDITIONS = DEBUG;
				SWIFT_OPTIMIZATION_LEVEL = "-Onone";
			};
			name = Debug;
		};
		127B167225F7DFA500B97BD6 /* Release */ = {
			isa = XCBuildConfiguration;
			buildSettings = {
				ALWAYS_SEARCH_USER_PATHS = NO;
				CLANG_ANALYZER_NONNULL = YES;
				CLANG_ANALYZER_NUMBER_OBJECT_CONVERSION = YES_AGGRESSIVE;
				CLANG_CXX_LANGUAGE_STANDARD = "gnu++14";
				CLANG_CXX_LIBRARY = "libc++";
				CLANG_ENABLE_MODULES = YES;
				CLANG_ENABLE_OBJC_ARC = YES;
				CLANG_ENABLE_OBJC_WEAK = YES;
				CLANG_WARN_BLOCK_CAPTURE_AUTORELEASING = YES;
				CLANG_WARN_BOOL_CONVERSION = YES;
				CLANG_WARN_COMMA = YES;
				CLANG_WARN_CONSTANT_CONVERSION = YES;
				CLANG_WARN_DEPRECATED_OBJC_IMPLEMENTATIONS = YES;
				CLANG_WARN_DIRECT_OBJC_ISA_USAGE = YES_ERROR;
				CLANG_WARN_DOCUMENTATION_COMMENTS = YES;
				CLANG_WARN_EMPTY_BODY = YES;
				CLANG_WARN_ENUM_CONVERSION = YES;
				CLANG_WARN_INFINITE_RECURSION = YES;
				CLANG_WARN_INT_CONVERSION = YES;
				CLANG_WARN_NON_LITERAL_NULL_CONVERSION = YES;
				CLANG_WARN_OBJC_IMPLICIT_RETAIN_SELF = YES;
				CLANG_WARN_OBJC_LITERAL_CONVERSION = YES;
				CLANG_WARN_OBJC_ROOT_CLASS = YES_ERROR;
				CLANG_WARN_QUOTED_INCLUDE_IN_FRAMEWORK_HEADER = YES;
				CLANG_WARN_RANGE_LOOP_ANALYSIS = YES;
				CLANG_WARN_STRICT_PROTOTYPES = YES;
				CLANG_WARN_SUSPICIOUS_MOVE = YES;
				CLANG_WARN_UNGUARDED_AVAILABILITY = YES_AGGRESSIVE;
				CLANG_WARN_UNREACHABLE_CODE = YES;
				CLANG_WARN__DUPLICATE_METHOD_MATCH = YES;
				COPY_PHASE_STRIP = NO;
				DEBUG_INFORMATION_FORMAT = "dwarf-with-dsym";
				ENABLE_NS_ASSERTIONS = NO;
				ENABLE_STRICT_OBJC_MSGSEND = YES;
				GCC_C_LANGUAGE_STANDARD = gnu11;
				GCC_NO_COMMON_BLOCKS = YES;
				GCC_WARN_64_TO_32_BIT_CONVERSION = YES;
				GCC_WARN_ABOUT_RETURN_TYPE = YES_ERROR;
				GCC_WARN_UNDECLARED_SELECTOR = YES;
				GCC_WARN_UNINITIALIZED_AUTOS = YES_AGGRESSIVE;
				GCC_WARN_UNUSED_FUNCTION = YES;
				GCC_WARN_UNUSED_VARIABLE = YES;
				IPHONEOS_DEPLOYMENT_TARGET = 14.3;
				MTL_ENABLE_DEBUG_INFO = NO;
				MTL_FAST_MATH = YES;
				SDKROOT = iphoneos;
				SWIFT_COMPILATION_MODE = wholemodule;
				SWIFT_OPTIMIZATION_LEVEL = "-O";
				VALIDATE_PRODUCT = YES;
			};
			name = Release;
		};
		127B167425F7DFA500B97BD6 /* Debug */ = {
			isa = XCBuildConfiguration;
			buildSettings = {
				ASSETCATALOG_COMPILER_APPICON_NAME = AppIcon;
				ASSETCATALOG_COMPILER_GLOBAL_ACCENT_COLOR_NAME = AccentColor;
				CODE_SIGN_STYLE = Automatic;
				DEVELOPMENT_TEAM = 8T7B2SBX3D;
				INFOPLIST_FILE = PickADriver2/Info.plist;
				LD_RUNPATH_SEARCH_PATHS = (
					"$(inherited)",
					"@executable_path/Frameworks",
				);
				PRODUCT_BUNDLE_IDENTIFIER = AJ.PickADriver2;
				PRODUCT_NAME = "$(TARGET_NAME)";
				SWIFT_VERSION = 5.0;
				TARGETED_DEVICE_FAMILY = "1,2";
			};
			name = Debug;
		};
		127B167525F7DFA500B97BD6 /* Release */ = {
			isa = XCBuildConfiguration;
			buildSettings = {
				ASSETCATALOG_COMPILER_APPICON_NAME = AppIcon;
				ASSETCATALOG_COMPILER_GLOBAL_ACCENT_COLOR_NAME = AccentColor;
				CODE_SIGN_STYLE = Automatic;
				DEVELOPMENT_TEAM = 8T7B2SBX3D;
				INFOPLIST_FILE = PickADriver2/Info.plist;
				LD_RUNPATH_SEARCH_PATHS = (
					"$(inherited)",
					"@executable_path/Frameworks",
				);
				PRODUCT_BUNDLE_IDENTIFIER = AJ.PickADriver2;
				PRODUCT_NAME = "$(TARGET_NAME)";
				SWIFT_VERSION = 5.0;
				TARGETED_DEVICE_FAMILY = "1,2";
			};
			name = Release;
		};
/* End XCBuildConfiguration section */

/* Begin XCConfigurationList section */
		127B165A25F7DFA200B97BD6 /* Build configuration list for PBXProject "PickADriver2" */ = {
			isa = XCConfigurationList;
			buildConfigurations = (
				127B167125F7DFA500B97BD6 /* Debug */,
				127B167225F7DFA500B97BD6 /* Release */,
			);
			defaultConfigurationIsVisible = 0;
			defaultConfigurationName = Release;
		};
		127B167325F7DFA500B97BD6 /* Build configuration list for PBXNativeTarget "PickADriver2" */ = {
			isa = XCConfigurationList;
			buildConfigurations = (
				127B167425F7DFA500B97BD6 /* Debug */,
				127B167525F7DFA500B97BD6 /* Release */,
			);
			defaultConfigurationIsVisible = 0;
			defaultConfigurationName = Release;
		};
/* End XCConfigurationList section */
	};
	rootObject = 127B165725F7DFA200B97BD6 /* Project object */;
}
